{
  "name": "Clarity",
  "lockfileVersion": 3,
  "requires": true,
  "packages": {
    "": {
      "dependencies": {
        "stacks.js": "^0.0.8"
      }
    },
    "node_modules/stacks.js": {
      "version": "0.0.8",
      "resolved": "https://registry.npmjs.org/stacks.js/-/stacks.js-0.0.8.tgz",
      "integrity": "sha512-H+gGzu4do8/wQpYIAUbs5z2iuhU+8hiHMHyQJa8eP8qIJezEIkQTL8mcxIGBY74CS5uHrkan3opZRHaDg8ecUQ==",
      "license": "ISC"
    }
  }
}
